version = 1
revision = 3
requires-python = "==3.13.12"

[[package]]
name = "annotated-doc"
version = "0.0.4"
source = { registry = "https://pypi.org/simple" }
sdist = { url = "https://files.pythonhosted.org/packages/57/ba/046ceea27344560984e26a590f90bc7f4a75b06701f653222458922b558c/annotated_doc-0.0.4.tar.gz", hash = "sha256:fbcda96e87e9c92ad167c2e53839e57503ecfda18804ea28102353485033faa4", size = 7288, upload-time = "2025-11-10T22:07:42.062Z" }
wheels = [
    { url = "https://files.pythonhosted.org/packages/1e/d3/26bf1008eb3d2daa8ef4cacc7f3bfdc11818d111f7e2d0201bc6e3b49d45/annotated_doc-0.0.4-py3-none-any.whl", hash = "sha256:571ac1dc6991c450b25a9c2d84a3705e2ae7a53467b5d111c24fa8baabbed320", size = 5303, upload-time = "2025-11-10T22:07:40.673Z" },
]

[[package]]
name = "annotated-types"
version = "0.7.0"
source = { registry = "https://pypi.org/simple" }
sdist = { url = "https://files.pythonhosted.org/packages/ee/67/531ea369ba64dcff5ec9c3402f9f51bf748cec26dde048a2f973a4eea7f5/annotated_types-0.7.0.tar.gz", hash = "sha256:aff07c09a53a08bc8cfccb9c85b05f1aa9a2a6f23728d790723543408344ce89", size = 16081, upload-time = "2024-05-20T21:33:25.928Z" }
wheels = [
    { url = "https://files.pythonhosted.org/packages/78/b6/6307fbef88d9b5ee7421e68d78a9f162e0da4900bc5f5793f6d3d0e34fb8/annotated_types-0.7.0-py3-none-any.whl", hash = "sha256:1f02e8b43a8fbbc3f3e0d4f0f4bfc8131bcb4eebe8849b8e5c773f3a1c582a53", size = 13643, upload-time = "2024-05-20T21:33:24.1Z" },
]

[[package]]
name = "anyio"
version = "4.13.0"
source = { registry = "https://pypi.org/simple" }
dependencies = [
    { name = "idna" },
]
sdist = { url = "https://files.pythonhosted.org/packages/19/14/2c5dd9f512b66549ae92767a9c7b330ae88e1932ca57876909410251fe13/anyio-4.13.0.tar.gz", hash = "sha256:334b70e641fd2221c1505b3890c69882fe4a2df910cba14d97019b90b24439dc", size = 231622, upload-time = "2026-03-24T12:59:09.671Z" }
wheels = [
    { url = "https://files.pythonhosted.org/packages/da/42/e921fccf5015463e32a3cf6ee7f980a6ed0f395ceeaa45060b61d86486c2/anyio-4.13.0-py3-none-any.whl", hash = "sha256:08b310f9e24a9594186fd75b4f73f4a4152069e3853f1ed8bfbf58369f4ad708", size = 114353, upload-time = "2026-03-24T12:59:08.246Z" },
]

[[package]]
name = "click"
version = "8.3.3"
source = { registry = "https://pypi.org/simple" }
dependencies = [
    { name = "colorama", marker = "sys_platform == 'win32'" },
]
sdist = { url = "https://files.pythonhosted.org/packages/bb/63/f9e1ea081ce35720d8b92acde70daaedace594dc93b693c869e0d5910718/click-8.3.3.tar.gz", hash = "sha256:398329ad4837b2ff7cbe1dd166a4c0f8900c3ca3a218de04466f38f6497f18a2", size = 328061, upload-time = "2026-04-22T15:11:27.506Z" }
wheels = [
    { url = "https://files.pythonhosted.org/packages/ae/44/c1221527f6a71a01ec6fbad7fa78f1d50dfa02217385cf0fa3eec7087d59/click-8.3.3-py3-none-any.whl", hash = "sha256:a2bf429bb3033c89fa4936ffb35d5cb471e3719e1f3c8a7c3fff0b8314305613", size = 110502, upload-time = "2026-04-22T15:11:25.044Z" },
]

[[package]]
name = "colorama"
version = "0.4.6"
source = { registry = "https://pypi.org/simple" }
sdist = { url = "https://files.pythonhosted.org/packages/d8/53/6f443c9a4a8358a93a6792e2acffb9d9d5cb0a5cfd8802644b7b1c9a02e4/colorama-0.4.6.tar.gz", hash = "sha256:08695f5cb7ed6e0531a20572697297273c47b8cae5a63ffc6d6ed5c201be6e44", size = 27697, upload-time = "2022-10-25T02:36:22.414Z" }
wheels = [
    { url = "https://files.pythonhosted.org/packages/d1/d6/3965ed04c63042e047cb6a3e6ed1a63a35087b6a609aa3a15ed8ac56c221/colorama-0.4.6-py2.py3-none-any.whl", hash = "sha256:4f1d9991f5acc0ca119f9d443620b77f9d6b33703e51011c16baf57afb285fc6", size = 25335, upload-time = "2022-10-25T02:36:20.889Z" },
]

[[package]]
name = "cross-web"
version = "0.6.0"
source = { registry = "https://pypi.org/simple" }
dependencies = [
    { name = "typing-extensions" },
]
sdist = { url = "https://files.pythonhosted.org/packages/ad/83/b5ef04565acc065387dda3a4fbf0c4cfb6bab805c81b66b2bc5b5ac9a282/cross_web-0.6.0.tar.gz", hash = "sha256:ae90570802615365ca1a781117b43bfd0d6cd3bf611649d24c3a206a82a693c9", size = 331315, upload-time = "2026-04-13T14:29:12.718Z" }
wheels = [
    { url = "https://files.pythonhosted.org/packages/35/a2/dab06d9b80cb76c700883186a9a2e6fd103342c9b4def4d88f5787796e17/cross_web-0.6.0-py3-none-any.whl", hash = "sha256:bdebf0c08d02f3a48cf67b6904d3a6d8fd8cab2cd905592ab96ab00b259cd582", size = 24820, upload-time = "2026-04-13T14:29:11.198Z" },
]

[[package]]
name = "fastapi"
version = "0.136.0"
source = { registry = "https://pypi.org/simple" }
dependencies = [
    { name = "annotated-doc" },
    { name = "pydantic" },
    { name = "starlette" },
    { name = "typing-extensions" },
    { name = "typing-inspection" },
]
sdist = { url = "https://files.pythonhosted.org/packages/4e/d9/e66315807e41e69e7f6a1b42a162dada2f249c5f06ad3f1a95f84ab336ef/fastapi-0.136.0.tar.gz", hash = "sha256:cf08e067cc66e106e102d9ba659463abfac245200752f8a5b7b1e813de4ff73e", size = 396607, upload-time = "2026-04-16T11:47:13.623Z" }
wheels = [
    { url = "https://files.pythonhosted.org/packages/26/a3/0bd5f0cdb0bbc92650e8dc457e9250358411ee5d1b65e42b6632387daf81/fastapi-0.136.0-py3-none-any.whl", hash = "sha256:8793d44ec7378e2be07f8a013cf7f7aa47d6327d0dfe9804862688ec4541a6b4", size = 117556, upload-time = "2026-04-16T11:47:11.922Z" },
]

[[package]]
name = "graphql-core"
version = "3.2.8"
source = { registry = "https://pypi.org/simple" }
sdist = { url = "https://files.pythonhosted.org/packages/68/c5/36aa96205c3ecbb3d34c7c24189e4553c7ca2ebc7e1dd07432339b980272/graphql_core-3.2.8.tar.gz", hash = "sha256:015457da5d996c924ddf57a43f4e959b0b94fb695b85ed4c29446e508ed65cf3", size = 513181, upload-time = "2026-03-05T19:55:37.332Z" }
wheels = [
    { url = "https://files.pythonhosted.org/packages/86/41/cb887d9afc5dabd78feefe6ccbaf83ff423c206a7a1b7aeeac05120b2125/graphql_core-3.2.8-py3-none-any.whl", hash = "sha256:cbee07bee1b3ed5e531723685369039f32ff815ef60166686e0162f540f1520c", size = 207349, upload-time = "2026-03-05T19:55:35.911Z" },
]

[[package]]
name = "h11"
version = "0.16.0"
source = { registry = "https://pypi.org/simple" }
sdist = { url = "https://files.pythonhosted.org/packages/01/ee/02a2c011bdab74c6fb3c75474d40b3052059d95df7e73351460c8588d963/h11-0.16.0.tar.gz", hash = "sha256:4e35b956cf45792e4caa5885e69fba00bdbc6ffafbfa020300e549b208ee5ff1", size = 101250, upload-time = "2025-04-24T03:35:25.427Z" }
wheels = [
    { url = "https://files.pythonhosted.org/packages/04/4b/29cac41a4d98d144bf5f6d33995617b185d14b22401f75ca86f384e87ff1/h11-0.16.0-py3-none-any.whl", hash = "sha256:63cf8bbe7522de3bf65932fda1d9c2772064ffb3dae62d55932da54b31cb6c86", size = 37515, upload-time = "2025-04-24T03:35:24.344Z" },
]

[[package]]
name = "idna"
version = "3.13"
source = { registry = "https://pypi.org/simple" }
sdist = { url = "https://files.pythonhosted.org/packages/ce/cc/762dfb036166873f0059f3b7de4565e1b5bc3d6f28a414c13da27e442f99/idna-3.13.tar.gz", hash = "sha256:585ea8fe5d69b9181ec1afba340451fba6ba764af97026f92a91d4eef164a242", size = 194210, upload-time = "2026-04-22T16:42:42.314Z" }
wheels = [
    { url = "https://files.pythonhosted.org/packages/5d/13/ad7d7ca3808a898b4612b6fe93cde56b53f3034dcde235acb1f0e1df24c6/idna-3.13-py3-none-any.whl", hash = "sha256:892ea0cde124a99ce773decba204c5552b69c3c67ffd5f232eb7696135bc8bb3", size = 68629, upload-time = "2026-04-22T16:42:40.909Z" },
]

[[package]]
name = "lib-shared"
version = "0.0.1"
source = { editable = "../lib-shared-py" }
dependencies = [
    { name = "questionary" },
]

[package.metadata]
requires-dist = [{ name = "questionary", specifier = ">=2.1.1" }]

[[package]]
name = "packaging"
version = "26.1"
source = { registry = "https://pypi.org/simple" }
sdist = { url = "https://files.pythonhosted.org/packages/df/de/0d2b39fb4af88a0258f3bac87dfcbb48e73fbdea4a2ed0e2213f9a4c2f9a/packaging-26.1.tar.gz", hash = "sha256:f042152b681c4bfac5cae2742a55e103d27ab2ec0f3d88037136b6bfe7c9c5de", size = 215519, upload-time = "2026-04-14T21:12:49.362Z" }
wheels = [
    { url = "https://files.pythonhosted.org/packages/7a/c2/920ef838e2f0028c8262f16101ec09ebd5969864e5a64c4c05fad0617c56/packaging-26.1-py3-none-any.whl", hash = "sha256:5d9c0669c6285e491e0ced2eee587eaf67b670d94a19e94e3984a481aba6802f", size = 95831, upload-time = "2026-04-14T21:12:47.56Z" },
]

[[package]]
name = "prompt-toolkit"
version = "3.0.52"
source = { registry = "https://pypi.org/simple" }
dependencies = [
    { name = "wcwidth" },
]
sdist = { url = "https://files.pythonhosted.org/packages/a1/96/06e01a7b38dce6fe1db213e061a4602dd6032a8a97ef6c1a862537732421/prompt_toolkit-3.0.52.tar.gz", hash = "sha256:28cde192929c8e7321de85de1ddbe736f1375148b02f2e17edd840042b1be855", size = 434198, upload-time = "2025-08-27T15:24:02.057Z" }
wheels = [
    { url = "https://files.pythonhosted.org/packages/84/03/0d3ce49e2505ae70cf43bc5bb3033955d2fc9f932163e84dc0779cc47f48/prompt_toolkit-3.0.52-py3-none-any.whl", hash = "sha256:9aac639a3bbd33284347de5ad8d68ecc044b91a762dc39b7c21095fcd6a19955", size = 391431, upload-time = "2025-08-27T15:23:59.498Z" },
]

[[package]]
name = "pydantic"
version = "2.13.3"
source = { registry = "https://pypi.org/simple" }
dependencies = [
    { name = "annotated-types" },
    { name = "pydantic-core" },
    { name = "typing-extensions" },
    { name = "typing-inspection" },
]
sdist = { url = "https://files.pythonhosted.org/packages/d9/e4/40d09941a2cebcb20609b86a559817d5b9291c49dd6f8c87e5feffbe703a/pydantic-2.13.3.tar.gz", hash = "sha256:af09e9d1d09f4e7fe37145c1f577e1d61ceb9a41924bf0094a36506285d0a84d", size = 844068, upload-time = "2026-04-20T14:46:43.632Z" }
wheels = [
    { url = "https://files.pythonhosted.org/packages/f3/0a/fd7d723f8f8153418fb40cf9c940e82004fce7e987026b08a68a36dd3fe7/pydantic-2.13.3-py3-none-any.whl", hash = "sha256:6db14ac8dfc9a1e57f87ea2c0de670c251240f43cb0c30a5130e9720dc612927", size = 471981, upload-time = "2026-04-20T14:46:41.402Z" },
]

[[package]]
name = "pydantic-core"
version = "2.46.3"
source = { registry = "https://pypi.org/simple" }
dependencies = [
    { name = "typing-extensions" },
]
sdist = { url = "https://files.pythonhosted.org/packages/2a/ef/f7abb56c49382a246fd2ce9c799691e3c3e7175ec74b14d99e798bcddb1a/pydantic_core-2.46.3.tar.gz", hash = "sha256:41c178f65b8c29807239d47e6050262eb6bf84eb695e41101e62e38df4a5bc2c", size = 471412, upload-time = "2026-04-20T14:40:56.672Z" }
wheels = [
    { url = "https://files.pythonhosted.org/packages/9b/3c/9b5e8eb9821936d065439c3b0fb1490ffa64163bfe7e1595985a47896073/pydantic_core-2.46.3-cp313-cp313-macosx_10_12_x86_64.whl", hash = "sha256:12bc98de041458b80c86c56b24df1d23832f3e166cbaff011f25d187f5c62c37", size = 2102109, upload-time = "2026-04-20T14:41:24.219Z" },
    { url = "https://files.pythonhosted.org/packages/91/97/1c41d1f5a19f241d8069f1e249853bcce378cdb76eec8ab636d7bc426280/pydantic_core-2.46.3-cp313-cp313-macosx_11_0_arm64.whl", hash = "sha256:85348b8f89d2c3508b65b16c3c33a4da22b8215138d8b996912bb1532868885f", size = 1951820, upload-time = "2026-04-20T14:42:14.236Z" },
    { url = "https://files.pythonhosted.org/packages/30/b4/d03a7ae14571bc2b6b3c7b122441154720619afe9a336fa3a95434df5e2f/pydantic_core-2.46.3-cp313-cp313-manylinux_2_17_aarch64.manylinux2014_aarch64.whl", hash = "sha256:1105677a6df914b1fb71a81b96c8cce7726857e1717d86001f29be06a25ee6f8", size = 1977785, upload-time = "2026-04-20T14:42:31.648Z" },
    { url = "https://files.pythonhosted.org/packages/ae/0c/4086f808834b59e3c8f1aa26df8f4b6d998cdcf354a143d18ef41529d1fe/pydantic_core-2.46.3-cp313-cp313-manylinux_2_17_armv7l.manylinux2014_armv7l.whl", hash = "sha256:87082cd65669a33adeba5470769e9704c7cf026cc30afb9cc77fd865578ebaad", size = 2062761, upload-time = "2026-04-20T14:40:37.093Z" },
    { url = "https://files.pythonhosted.org/packages/fa/71/a649be5a5064c2df0db06e0a512c2281134ed2fcc981f52a657936a7527c/pydantic_core-2.46.3-cp313-cp313-manylinux_2_17_ppc64le.manylinux2014_ppc64le.whl", hash = "sha256:60e5f66e12c4f5212d08522963380eaaeac5ebd795826cfd19b2dfb0c7a52b9c", size = 2232989, upload-time = "2026-04-20T14:42:59.254Z" },
    { url = "https://files.pythonhosted.org/packages/a2/84/7756e75763e810b3a710f4724441d1ecc5883b94aacb07ca71c5fb5cfb69/pydantic_core-2.46.3-cp313-cp313-manylinux_2_17_s390x.manylinux2014_s390x.whl", hash = "sha256:b6cdf19bf84128d5e7c37e8a73a0c5c10d51103a650ac585d42dd6ae233f2b7f", size = 2303975, upload-time = "2026-04-20T14:41:32.287Z" },
    { url = "https://files.pythonhosted.org/packages/6c/35/68a762e0c1e31f35fa0dac733cbd9f5b118042853698de9509c8e5bf128b/pydantic_core-2.46.3-cp313-cp313-manylinux_2_17_x86_64.manylinux2014_x86_64.whl", hash = "sha256:031bb17f4885a43773c8c763089499f242aee2ea85cf17154168775dccdecf35", size = 2095325, upload-time = "2026-04-20T14:42:47.685Z" },
    { url = "https://files.pythonhosted.org/packages/77/bf/1bf8c9a8e91836c926eae5e3e51dce009bf495a60ca56060689d3df3f340/pydantic_core-2.46.3-cp313-cp313-manylinux_2_31_riscv64.whl", hash = "sha256:bcf2a8b2982a6673693eae7348ef3d8cf3979c1d63b54fca7c397a635cc68687", size = 2133368, upload-time = "2026-04-20T14:41:22.766Z" },
    { url = "https://files.pythonhosted.org/packages/e5/50/87d818d6bab915984995157ceb2380f5aac4e563dddbed6b56f0ed057aba/pydantic_core-2.46.3-cp313-cp313-manylinux_2_5_i686.manylinux1_i686.whl", hash = "sha256:28e8cf2f52d72ced402a137145923a762cbb5081e48b34312f7a0c8f55928ec3", size = 2173908, upload-time = "2026-04-20T14:42:52.044Z" },
    { url = "https://files.pythonhosted.org/packages/91/88/a311fb306d0bd6185db41fa14ae888fb81d0baf648a761ae760d30819d33/pydantic_core-2.46.3-cp313-cp313-musllinux_1_1_aarch64.whl", hash = "sha256:17eaface65d9fc5abb940003020309c1bf7a211f5f608d7870297c367e6f9022", size = 2186422, upload-time = "2026-04-20T14:43:29.55Z" },
    { url = "https://files.pythonhosted.org/packages/8f/79/28fd0d81508525ab2054fef7c77a638c8b5b0afcbbaeee493cf7c3fef7e1/pydantic_core-2.46.3-cp313-cp313-musllinux_1_1_armv7l.whl", hash = "sha256:93fd339f23408a07e98950a89644f92c54d8729719a40b30c0a30bb9ebc55d23", size = 2332709, upload-time = "2026-04-20T14:42:16.134Z" },
    { url = "https://files.pythonhosted.org/packages/b3/21/795bf5fe5c0f379308b8ef19c50dedab2e7711dbc8d0c2acf08f1c7daa05/pydantic_core-2.46.3-cp313-cp313-musllinux_1_1_x86_64.whl", hash = "sha256:23cbdb3aaa74dfe0837975dbf69b469753bbde8eacace524519ffdb6b6e89eb7", size = 2372428, upload-time = "2026-04-20T14:41:10.974Z" },
    { url = "https://files.pythonhosted.org/packages/45/b3/ed14c659cbe7605e3ef063077680a64680aec81eb1a04763a05190d49b7f/pydantic_core-2.46.3-cp313-cp313-win32.whl", hash = "sha256:610eda2e3838f401105e6326ca304f5da1e15393ae25dacae5c5c63f2c275b13", size = 1965601, upload-time = "2026-04-20T14:41:42.128Z" },
    { url = "https://files.pythonhosted.org/packages/ef/bb/adb70d9a762ddd002d723fbf1bd492244d37da41e3af7b74ad212609027e/pydantic_core-2.46.3-cp313-cp313-win_amd64.whl", hash = "sha256:68cc7866ed863db34351294187f9b729964c371ba33e31c26f478471c52e1ed0", size = 2071517, upload-time = "2026-04-20T14:43:36.096Z" },
    { url = "https://files.pythonhosted.org/packages/52/eb/66faefabebfe68bd7788339c9c9127231e680b11906368c67ce112fdb47f/pydantic_core-2.46.3-cp313-cp313-win_arm64.whl", hash = "sha256:f64b5537ac62b231572879cd08ec05600308636a5d63bcbdb15063a466977bec", size = 2035802, upload-time = "2026-04-20T14:43:38.507Z" },
]

[[package]]
name = "python-dateutil"
version = "2.9.0.post0"
source = { registry = "https://pypi.org/simple" }
dependencies = [
    { name = "six" },
]
sdist = { url = "https://files.pythonhosted.org/packages/66/c0/0c8b6ad9f17a802ee498c46e004a0eb49bc148f2fd230864601a86dcf6db/python-dateutil-2.9.0.post0.tar.gz", hash = "sha256:37dd54208da7e1cd875388217d5e00ebd4179249f90fb72437e91a35459a0ad3", size = 342432, upload-time = "2024-03-01T18:36:20.211Z" }
wheels = [
    { url = "https://files.pythonhosted.org/packages/ec/57/56b9bcc3c9c6a792fcbaf139543cee77261f3651ca9da0c93f5c1221264b/python_dateutil-2.9.0.post0-py2.py3-none-any.whl", hash = "sha256:a8b2bc7bffae282281c8140a97d3aa9c14da0b136dfe83f850eea9a5f7470427", size = 229892, upload-time = "2024-03-01T18:36:18.57Z" },
]

[[package]]
name = "python-multipart"
version = "0.0.26"
source = { registry = "https://pypi.org/simple" }
sdist = { url = "https://files.pythonhosted.org/packages/88/71/b145a380824a960ebd60e1014256dbb7d2253f2316ff2d73dfd8928ec2c3/python_multipart-0.0.26.tar.gz", hash = "sha256:08fadc45918cd615e26846437f50c5d6d23304da32c341f289a617127b081f17", size = 43501, upload-time = "2026-04-10T14:09:59.473Z" }
wheels = [
    { url = "https://files.pythonhosted.org/packages/9a/22/f1925cdda983ab66fc8ec6ec8014b959262747e58bdca26a4e3d1da29d56/python_multipart-0.0.26-py3-none-any.whl", hash = "sha256:c0b169f8c4484c13b0dcf2ef0ec3a4adb255c4b7d18d8e420477d2b1dd03f185", size = 28847, upload-time = "2026-04-10T14:09:58.131Z" },
]

[[package]]
name = "questionary"
version = "2.1.1"
source = { registry = "https://pypi.org/simple" }
dependencies = [
    { name = "prompt-toolkit" },
]
sdist = { url = "https://files.pythonhosted.org/packages/f6/45/eafb0bba0f9988f6a2520f9ca2df2c82ddfa8d67c95d6625452e97b204a5/questionary-2.1.1.tar.gz", hash = "sha256:3d7e980292bb0107abaa79c68dd3eee3c561b83a0f89ae482860b181c8bd412d", size = 25845, upload-time = "2025-08-28T19:00:20.851Z" }
wheels = [
    { url = "https://files.pythonhosted.org/packages/3c/26/1062c7ec1b053db9e499b4d2d5bc231743201b74051c973dadeac80a8f43/questionary-2.1.1-py3-none-any.whl", hash = "sha256:a51af13f345f1cdea62347589fbb6df3b290306ab8930713bfae4d475a7d4a59", size = 36753, upload-time = "2025-08-28T19:00:19.56Z" },
]

[[package]]
name = "service-ai"
version = "0.0.1"
source = { editable = "." }
dependencies = [
    { name = "lib-shared" },
    { name = "strawberry-graphql", extra = ["fastapi"] },
    { name = "uvicorn" },
]

[package.metadata]
requires-dist = [
    { name = "lib-shared", editable = "../lib-shared-py" },
    { name = "strawberry-graphql", extras = ["fastapi"], specifier = ">=0.314.3" },
    { name = "uvicorn", specifier = ">=0.45.0" },
]

[[package]]
name = "six"
version = "1.17.0"
source = { registry = "https://pypi.org/simple" }
sdist = { url = "https://files.pythonhosted.org/packages/94/e7/b2c673351809dca68a0e064b6af791aa332cf192da575fd474ed7d6f16a2/six-1.17.0.tar.gz", hash = "sha256:ff70335d468e7eb6ec65b95b99d3a2836546063f63acc5171de367e834932a81", size = 34031, upload-time = "2024-12-04T17:35:28.174Z" }
wheels = [
    { url = "https://files.pythonhosted.org/packages/b7/ce/149a00dd41f10bc29e5921b496af8b574d8413afcd5e30dfa0ed46c2cc5e/six-1.17.0-py2.py3-none-any.whl", hash = "sha256:4721f391ed90541fddacab5acf947aa0d3dc7d27b2e1e8eda2be8970586c3274", size = 11050, upload-time = "2024-12-04T17:35:26.475Z" },
]

[[package]]
name = "starlette"
version = "1.0.0"
source = { registry = "https://pypi.org/simple" }
dependencies = [
    { name = "anyio" },
]
sdist = { url = "https://files.pythonhosted.org/packages/81/69/17425771797c36cded50b7fe44e850315d039f28b15901ab44839e70b593/starlette-1.0.0.tar.gz", hash = "sha256:6a4beaf1f81bb472fd19ea9b918b50dc3a77a6f2e190a12954b25e6ed5eea149", size = 2655289, upload-time = "2026-03-22T18:29:46.779Z" }
wheels = [
    { url = "https://files.pythonhosted.org/packages/0b/c9/584bc9651441b4ba60cc4d557d8a547b5aff901af35bda3a4ee30c819b82/starlette-1.0.0-py3-none-any.whl", hash = "sha256:d3ec55e0bb321692d275455ddfd3df75fff145d009685eb40dc91fc66b03d38b", size = 72651, upload-time = "2026-03-22T18:29:45.111Z" },
]

[[package]]
name = "strawberry-graphql"
version = "0.314.3"
source = { registry = "https://pypi.org/simple" }
dependencies = [
    { name = "cross-web" },
    { name = "graphql-core" },
    { name = "packaging" },
    { name = "python-dateutil" },
    { name = "typing-extensions" },
]
sdist = { url = "https://files.pythonhosted.org/packages/00/4d/df1240ee4d8fe925d0b6f0eff15cf9947f0345ab44c39eb58355b6026425/strawberry_graphql-0.314.3.tar.gz", hash = "sha256:2a841c35af61e9d5df1e215ca991cfac364c00a05fc192d9f38d0733da163097", size = 222131, upload-time = "2026-04-08T18:04:42.727Z" }
wheels = [
    { url = "https://files.pythonhosted.org/packages/be/25/13773a2944cc5975d44db58233b3610ddc88d4be49e6576adf7ed4b62250/strawberry_graphql-0.314.3-py3-none-any.whl", hash = "sha256:4ef4442cea79014487acd7a0d1a2ce55c9d2a42dcd34a307d4c01f2ab477ecfa", size = 324471, upload-time = "2026-04-08T18:04:44.088Z" },
]

[package.optional-dependencies]
fastapi = [
    { name = "fastapi" },
    { name = "python-multipart" },
]

[[package]]
name = "typing-extensions"
version = "4.15.0"
source = { registry = "https://pypi.org/simple" }
sdist = { url = "https://files.pythonhosted.org/packages/72/94/1a15dd82efb362ac84269196e94cf00f187f7ed21c242792a923cdb1c61f/typing_extensions-4.15.0.tar.gz", hash = "sha256:0cea48d173cc12fa28ecabc3b837ea3cf6f38c6d1136f85cbaaf598984861466", size = 109391, upload-time = "2025-08-25T13:49:26.313Z" }
wheels = [
    { url = "https://files.pythonhosted.org/packages/18/67/36e9267722cc04a6b9f15c7f3441c2363321a3ea07da7ae0c0707beb2a9c/typing_extensions-4.15.0-py3-none-any.whl", hash = "sha256:f0fa19c6845758ab08074a0cfa8b7aecb71c999ca73d62883bc25cc018c4e548", size = 44614, upload-time = "2025-08-25T13:49:24.86Z" },
]

[[package]]
name = "typing-inspection"
version = "0.4.2"
source = { registry = "https://pypi.org/simple" }
dependencies = [
    { name = "typing-extensions" },
]
sdist = { url = "https://files.pythonhosted.org/packages/55/e3/70399cb7dd41c10ac53367ae42139cf4b1ca5f36bb3dc6c9d33acdb43655/typing_inspection-0.4.2.tar.gz", hash = "sha256:ba561c48a67c5958007083d386c3295464928b01faa735ab8547c5692e87f464", size = 75949, upload-time = "2025-10-01T02:14:41.687Z" }
wheels = [
    { url = "https://files.pythonhosted.org/packages/dc/9b/47798a6c91d8bdb567fe2698fe81e0c6b7cb7ef4d13da4114b41d239f65d/typing_inspection-0.4.2-py3-none-any.whl", hash = "sha256:4ed1cacbdc298c220f1bd249ed5287caa16f34d44ef4e9c3d0cbad5b521545e7", size = 14611, upload-time = "2025-10-01T02:14:40.154Z" },
]

[[package]]
name = "uvicorn"
version = "0.45.0"
source = { registry = "https://pypi.org/simple" }
dependencies = [
    { name = "click" },
    { name = "h11" },
]
sdist = { url = "https://files.pythonhosted.org/packages/eb/2e/62b0d9a2cfc8b4de6771322dae30f2db76c66dae9ec32e94e176a44ad563/uvicorn-0.45.0.tar.gz", hash = "sha256:3fe650df136c5bd2b9b06efc5980636344a2fbb840e9ddd86437d53144fa335d", size = 87818, upload-time = "2026-04-21T10:43:46.815Z" }
wheels = [
    { url = "https://files.pythonhosted.org/packages/c1/88/d0f7512465b166a4e931ccf7e77792be60fb88466a43964c7566cbaff752/uvicorn-0.45.0-py3-none-any.whl", hash = "sha256:2db26f588131aeec7439de00f2dd52d5f210710c1f01e407a52c90b880d1fd4f", size = 69838, upload-time = "2026-04-21T10:43:45.029Z" },
]

[[package]]
name = "wcwidth"
version = "0.6.0"
source = { registry = "https://pypi.org/simple" }
sdist = { url = "https://files.pythonhosted.org/packages/35/a2/8e3becb46433538a38726c948d3399905a4c7cabd0df578ede5dc51f0ec2/wcwidth-0.6.0.tar.gz", hash = "sha256:cdc4e4262d6ef9a1a57e018384cbeb1208d8abbc64176027e2c2455c81313159", size = 159684, upload-time = "2026-02-06T19:19:40.919Z" }
wheels = [
    { url = "https://files.pythonhosted.org/packages/68/5a/199c59e0a824a3db2b89c5d2dade7ab5f9624dbf6448dc291b46d5ec94d3/wcwidth-0.6.0-py3-none-any.whl", hash = "sha256:1a3a1e510b553315f8e146c54764f4fb6264ffad731b3d78088cdb1478ffbdad", size = 94189, upload-time = "2026-02-06T19:19:39.646Z" },
]
